
Microsoft Visual Studio Solution File, Format Version 12.00
# Visual Studio 14
VisualStudioVersion = 14.0.25123.0
MinimumVisualStudioVersion = 10.0.40219.1
Project("{FAE04EC0-301F-11D3-BF4B-00C04F79EFBC}") = "RedditService", "RedditService\RedditService.csproj", "{634774B6-6066-41DA-B87C-61B86F20A05D}"
EndProject
Project("{2150E333-8FDC-42A3-9474-1A3956D46DE8}") = "Solution Items", "Solution Items", "{3A1677B3-0379-4045-A82F-8CCFF3D5F760}"
	ProjectSection(SolutionItems) = preProject
		README.md = README.md
	EndProjectSection
EndProject
Global
	GlobalSection(SolutionConfigurationPlatforms) = preSolution
		Debug|Any CPU = Debug|Any CPU
		Release|Any CPU = Release|Any CPU
	EndGlobalSection
	GlobalSection(ProjectConfigurationPlatforms) = postSolution
		{634774B6-6066-41DA-B87C-61B86F20A05D}.Debug|Any CPU.ActiveCfg = Debug|Any CPU
		{634774B6-6066-41DA-B87C-61B86F20A05D}.Debug|Any CPU.Build.0 = Debug|Any CPU
		{634774B6-6066-41DA-B87C-61B86F20A05D}.Release|Any CPU.ActiveCfg = Release|Any CPU
		{634774B6-6066-41DA-B87C-61B86F20A05D}.Release|Any CPU.Build.0 = Release|Any CPU
	EndGlobalSection
	GlobalSection(SolutionProperties) = preSolution
		HideSolutionNode = FALSE
	EndGlobalSection
EndGlobal
